
Microsoft Visual Studio Solution File, Format Version 12.00
# Visual Studio Version 17
VisualStudioVersion = 17.3.32901.215
MinimumVisualStudioVersion = 10.0.40219.1
Project("{FAE04EC0-301F-11D3-BF4B-00C04F79EFBC}") = "ExcelLab", "ExcelLab\ExcelLab.csproj", "{F7B4BBC4-0476-4E8E-B964-8626D7CE3ACE}"
EndProject
Global
	GlobalSection(SolutionConfigurationPlatforms) = preSolution
		Debug|Any CPU = Debug|Any CPU
		Release|Any CPU = Release|Any CPU
	EndGlobalSection
	GlobalSection(ProjectConfigurationPlatforms) = postSolution
		{F7B4BBC4-0476-4E8E-B964-8626D7CE3ACE}.Debug|Any CPU.ActiveCfg = Debug|Any CPU
		{F7B4BBC4-0476-4E8E-B964-8626D7CE3ACE}.Debug|Any CPU.Build.0 = Debug|Any CPU
		{F7B4BBC4-0476-4E8E-B964-8626D7CE3ACE}.Release|Any CPU.ActiveCfg = Release|Any CPU
		{F7B4BBC4-0476-4E8E-B964-8626D7CE3ACE}.Release|Any CPU.Build.0 = Release|Any CPU
	EndGlobalSection
	GlobalSection(SolutionProperties) = preSolution
		HideSolutionNode = FALSE
	EndGlobalSection
	GlobalSection(ExtensibilityGlobals) = postSolution
		SolutionGuid = {CF3039F0-C7BC-41AD-A1B2-DB43F66E7C0E}
	EndGlobalSection
EndGlobal
